// !$*UTF8*$!
{
	archiveVersion = 1;
	classes = {
	};
	objectVersion = 56;
	objects = {

/* Begin PBXBuildFile section */
		CB031B592C21553A00ED46C2 /* Assets.xcassets in Resources */ = {isa = PBXBuildFile; fileRef = CB031B582C21553A00ED46C2 /* Assets.xcassets */; };
		CB1FA57E2C33EBD00056407F /* CartViewModel.swift in Sources */ = {isa = PBXBuildFile; fileRef = CB1FA57D2C33EBD00056407F /* CartViewModel.swift */; };
		CB1FA5812C33EC070056407F /* CartProtocol.swift in Sources */ = {isa = PBXBuildFile; fileRef = CB1FA5802C33EC070056407F /* CartProtocol.swift */; };
		CB1FA5862C35613B0056407F /* CartResponse.swift in Sources */ = {isa = PBXBuildFile; fileRef = CB1FA5852C35613B0056407F /* CartResponse.swift */; };
		CB1FA5882C367B970056407F /* Cart.swift in Sources */ = {isa = PBXBuildFile; fileRef = CB1FA5872C367B970056407F /* Cart.swift */; };
		CB1FA5BA2C3D70690056407F /* TokenReissueProtocol.swift in Sources */ = {isa = PBXBuildFile; fileRef = CB1FA5B92C3D70690056407F /* TokenReissueProtocol.swift */; };
		CB1FA5BC2C3D71580056407F /* TokenReissueViewModel.swift in Sources */ = {isa = PBXBuildFile; fileRef = CB1FA5BB2C3D71580056407F /* TokenReissueViewModel.swift */; };
		CB1FA5D02C4A48E90056407F /* ShopTypeEnum.swift in Sources */ = {isa = PBXBuildFile; fileRef = CB1FA5CF2C4A48E90056407F /* ShopTypeEnum.swift */; };
		CB679F1F2C00D09700724D0A /* M2DMApp.swift in Sources */ = {isa = PBXBuildFile; fileRef = CB679F1E2C00D09700724D0A /* M2DMApp.swift */; };
		CB679F3B2C00DB3E00724D0A /* M2DMTabView.swift in Sources */ = {isa = PBXBuildFile; fileRef = CB679F3A2C00DB3E00724D0A /* M2DMTabView.swift */; };
		CB679F3D2C00DB6E00724D0A /* LoginView.swift in Sources */ = {isa = PBXBuildFile; fileRef = CB679F3C2C00DB6E00724D0A /* LoginView.swift */; };
		CB679F402C00E13800724D0A /* KakaoSDKAuth in Frameworks */ = {isa = PBXBuildFile; productRef = CB679F3F2C00E13800724D0A /* KakaoSDKAuth */; };
		CB679F422C00E13800724D0A /* KakaoSDKCommon in Frameworks */ = {isa = PBXBuildFile; productRef = CB679F412C00E13800724D0A /* KakaoSDKCommon */; };
		CB679F442C00E13800724D0A /* KakaoSDKUser in Frameworks */ = {isa = PBXBuildFile; productRef = CB679F432C00E13800724D0A /* KakaoSDKUser */; };
		CB679F4C2C00E94800724D0A /* Bundle+Extension.swift in Sources */ = {isa = PBXBuildFile; fileRef = CB679F4B2C00E94800724D0A /* Bundle+Extension.swift */; };
		CB679F4E2C00EA8100724D0A /* ShopListView.swift in Sources */ = {isa = PBXBuildFile; fileRef = CB679F4D2C00EA8100724D0A /* ShopListView.swift */; };
		CB679F502C00EA8900724D0A /* CartView.swift in Sources */ = {isa = PBXBuildFile; fileRef = CB679F4F2C00EA8900724D0A /* CartView.swift */; };
		CB679F522C00EA9200724D0A /* GroupPurchaseView.swift in Sources */ = {isa = PBXBuildFile; fileRef = CB679F512C00EA9200724D0A /* GroupPurchaseView.swift */; };
		CB679F542C00EA9800724D0A /* MyPageView.swift in Sources */ = {isa = PBXBuildFile; fileRef = CB679F532C00EA9800724D0A /* MyPageView.swift */; };
		CB679F562C00EAA000724D0A /* SecondHandView.swift in Sources */ = {isa = PBXBuildFile; fileRef = CB679F552C00EAA000724D0A /* SecondHandView.swift */; };
		CB679F582C00EAA800724D0A /* ShoppingView.swift in Sources */ = {isa = PBXBuildFile; fileRef = CB679F572C00EAA800724D0A /* ShoppingView.swift */; };
		CB679F5D2C00F7E600724D0A /* KeyChain.swift in Sources */ = {isa = PBXBuildFile; fileRef = CB679F5C2C00F7E600724D0A /* KeyChain.swift */; };
		CB679F5F2C00FA1100724D0A /* AuthenticationViewModel.swift in Sources */ = {isa = PBXBuildFile; fileRef = CB679F5E2C00FA1100724D0A /* AuthenticationViewModel.swift */; };
		CB679F6A2C00FB9500724D0A /* KakaoResponse.swift in Sources */ = {isa = PBXBuildFile; fileRef = CB679F692C00FB9500724D0A /* KakaoResponse.swift */; };
		CB679F6D2C00FC5800724D0A /* AuthenticationProtocol.swift in Sources */ = {isa = PBXBuildFile; fileRef = CB679F6C2C00FC5800724D0A /* AuthenticationProtocol.swift */; };
		CB679F6F2C00FF1700724D0A /* Constant.swift in Sources */ = {isa = PBXBuildFile; fileRef = CB679F6E2C00FF1700724D0A /* Constant.swift */; };
		CB7E6F0F2C024651003433BD /* AuthenticationError.swift in Sources */ = {isa = PBXBuildFile; fileRef = CB7E6F0E2C024651003433BD /* AuthenticationError.swift */; };
		CB7E6F112C0250E6003433BD /* MenuView.swift in Sources */ = {isa = PBXBuildFile; fileRef = CB7E6F102C0250E6003433BD /* MenuView.swift */; };
		CB7E6F142C025FF9003433BD /* CategoryEnum.swift in Sources */ = {isa = PBXBuildFile; fileRef = CB7E6F132C025FF9003433BD /* CategoryEnum.swift */; };
		CB7E6F1A2C036AB8003433BD /* ShoppingViewModel.swift in Sources */ = {isa = PBXBuildFile; fileRef = CB7E6F192C036AB8003433BD /* ShoppingViewModel.swift */; };
		CB7E6F1C2C036B0F003433BD /* SortOptionEnum.swift in Sources */ = {isa = PBXBuildFile; fileRef = CB7E6F1B2C036B0F003433BD /* SortOptionEnum.swift */; };
		CB7E6F1E2C036FCC003433BD /* ProductResponse.swift in Sources */ = {isa = PBXBuildFile; fileRef = CB7E6F1D2C036FCC003433BD /* ProductResponse.swift */; };
		CB7E6F212C0370AF003433BD /* Category.swift in Sources */ = {isa = PBXBuildFile; fileRef = CB7E6F202C0370AF003433BD /* Category.swift */; };
		CB7E6F232C037193003433BD /* Product.swift in Sources */ = {isa = PBXBuildFile; fileRef = CB7E6F222C037193003433BD /* Product.swift */; };
		CB7E6F252C03727C003433BD /* ShoppingtProtocol.swift in Sources */ = {isa = PBXBuildFile; fileRef = CB7E6F242C03727C003433BD /* ShoppingtProtocol.swift */; };
		CB7E6F292C0382CF003433BD /* ItemCellView.swift in Sources */ = {isa = PBXBuildFile; fileRef = CB7E6F282C0382CF003433BD /* ItemCellView.swift */; };
		CB7E6F2B2C038798003433BD /* Coordinator.swift in Sources */ = {isa = PBXBuildFile; fileRef = CB7E6F2A2C038798003433BD /* Coordinator.swift */; };
		CB7E6F2F2C03A74A003433BD /* SearchView.swift in Sources */ = {isa = PBXBuildFile; fileRef = CB7E6F2E2C03A74A003433BD /* SearchView.swift */; };
		CBC6B0DF2C1DCBF900D36671 /* SearchResultView.swift in Sources */ = {isa = PBXBuildFile; fileRef = CBC6B0DE2C1DCBF900D36671 /* SearchResultView.swift */; };
		CBC6B0E52C20864300D36671 /* ShopDetailView.swift in Sources */ = {isa = PBXBuildFile; fileRef = CBC6B0E42C20864300D36671 /* ShopDetailView.swift */; };
		CBC6B0E72C208B4B00D36671 /* DetailProduct.swift in Sources */ = {isa = PBXBuildFile; fileRef = CBC6B0E62C208B4B00D36671 /* DetailProduct.swift */; };
		CBC6B0E92C208B7700D36671 /* Review.swift in Sources */ = {isa = PBXBuildFile; fileRef = CBC6B0E82C208B7700D36671 /* Review.swift */; };
		CBC6B0ED2C214EEC00D36671 /* RoundRectangleButton.swift in Sources */ = {isa = PBXBuildFile; fileRef = CBC6B0EC2C214EEC00D36671 /* RoundRectangleButton.swift */; };
		CBF0CC472C22C10500970EC9 /* ReviewCell.swift in Sources */ = {isa = PBXBuildFile; fileRef = CBF0CC462C22C10500970EC9 /* ReviewCell.swift */; };
		CBF0CC4B2C22E5B800970EC9 /* ReviewViewModel.swift in Sources */ = {isa = PBXBuildFile; fileRef = CBF0CC4A2C22E5B800970EC9 /* ReviewViewModel.swift */; };
		CBF0CC4E2C22E5D700970EC9 /* ReviewProtocol.swift in Sources */ = {isa = PBXBuildFile; fileRef = CBF0CC4D2C22E5D700970EC9 /* ReviewProtocol.swift */; };
		CBF0CC502C25539400970EC9 /* StarRatingView.swift in Sources */ = {isa = PBXBuildFile; fileRef = CBF0CC4F2C25539400970EC9 /* StarRatingView.swift */; };
		CBF0CC522C255F1400970EC9 /* ReviewSortOptionsEnum.swift in Sources */ = {isa = PBXBuildFile; fileRef = CBF0CC512C255F1400970EC9 /* ReviewSortOptionsEnum.swift */; };
		CBF0CC562C25659C00970EC9 /* ReviewRequest.swift in Sources */ = {isa = PBXBuildFile; fileRef = CBF0CC552C25659C00970EC9 /* ReviewRequest.swift */; };
		CBF0CC582C25660400970EC9 /* ReviewResponse.swift in Sources */ = {isa = PBXBuildFile; fileRef = CBF0CC572C25660400970EC9 /* ReviewResponse.swift */; };
		CBF0CC5A2C25679400970EC9 /* MyDateFormatter.swift in Sources */ = {isa = PBXBuildFile; fileRef = CBF0CC592C25679400970EC9 /* MyDateFormatter.swift */; };
/* End PBXBuildFile section */

/* Begin PBXFileReference section */
		CB031B582C21553A00ED46C2 /* Assets.xcassets */ = {isa = PBXFileReference; lastKnownFileType = folder.assetcatalog; path = Assets.xcassets; sourceTree = "<group>"; };
		CB1FA57D2C33EBD00056407F /* CartViewModel.swift */ = {isa = PBXFileReference; lastKnownFileType = sourcecode.swift; path = CartViewModel.swift; sourceTree = "<group>"; };
		CB1FA5802C33EC070056407F /* CartProtocol.swift */ = {isa = PBXFileReference; lastKnownFileType = sourcecode.swift; path = CartProtocol.swift; sourceTree = "<group>"; };
		CB1FA5852C35613B0056407F /* CartResponse.swift */ = {isa = PBXFileReference; lastKnownFileType = sourcecode.swift; path = CartResponse.swift; sourceTree = "<group>"; };
		CB1FA5872C367B970056407F /* Cart.swift */ = {isa = PBXFileReference; lastKnownFileType = sourcecode.swift; path = Cart.swift; sourceTree = "<group>"; };
		CB1FA5B92C3D70690056407F /* TokenReissueProtocol.swift */ = {isa = PBXFileReference; lastKnownFileType = sourcecode.swift; path = TokenReissueProtocol.swift; sourceTree = "<group>"; };
		CB1FA5BB2C3D71580056407F /* TokenReissueViewModel.swift */ = {isa = PBXFileReference; lastKnownFileType = sourcecode.swift; path = TokenReissueViewModel.swift; sourceTree = "<group>"; };
		CB1FA5CF2C4A48E90056407F /* ShopTypeEnum.swift */ = {isa = PBXFileReference; lastKnownFileType = sourcecode.swift; path = ShopTypeEnum.swift; sourceTree = "<group>"; };
		CB679F1B2C00D09700724D0A /* M2DM.app */ = {isa = PBXFileReference; explicitFileType = wrapper.application; includeInIndex = 0; path = M2DM.app; sourceTree = BUILT_PRODUCTS_DIR; };
		CB679F1E2C00D09700724D0A /* M2DMApp.swift */ = {isa = PBXFileReference; lastKnownFileType = sourcecode.swift; path = M2DMApp.swift; sourceTree = "<group>"; };
		CB679F3A2C00DB3E00724D0A /* M2DMTabView.swift */ = {isa = PBXFileReference; lastKnownFileType = sourcecode.swift; path = M2DMTabView.swift; sourceTree = "<group>"; };
		CB679F3C2C00DB6E00724D0A /* LoginView.swift */ = {isa = PBXFileReference; lastKnownFileType = sourcecode.swift; path = LoginView.swift; sourceTree = "<group>"; };
		CB679F452C00E16900724D0A /* Info.plist */ = {isa = PBXFileReference; lastKnownFileType = text.plist.xml; path = Info.plist; sourceTree = "<group>"; };
		CB679F4B2C00E94800724D0A /* Bundle+Extension.swift */ = {isa = PBXFileReference; lastKnownFileType = sourcecode.swift; path = "Bundle+Extension.swift"; sourceTree = "<group>"; };
		CB679F4D2C00EA8100724D0A /* ShopListView.swift */ = {isa = PBXFileReference; lastKnownFileType = sourcecode.swift; path = ShopListView.swift; sourceTree = "<group>"; };
		CB679F4F2C00EA8900724D0A /* CartView.swift */ = {isa = PBXFileReference; lastKnownFileType = sourcecode.swift; path = CartView.swift; sourceTree = "<group>"; };
		CB679F512C00EA9200724D0A /* GroupPurchaseView.swift */ = {isa = PBXFileReference; lastKnownFileType = sourcecode.swift; path = GroupPurchaseView.swift; sourceTree = "<group>"; };
		CB679F532C00EA9800724D0A /* MyPageView.swift */ = {isa = PBXFileReference; lastKnownFileType = sourcecode.swift; path = MyPageView.swift; sourceTree = "<group>"; };
		CB679F552C00EAA000724D0A /* SecondHandView.swift */ = {isa = PBXFileReference; lastKnownFileType = sourcecode.swift; path = SecondHandView.swift; sourceTree = "<group>"; };
		CB679F572C00EAA800724D0A /* ShoppingView.swift */ = {isa = PBXFileReference; lastKnownFileType = sourcecode.swift; path = ShoppingView.swift; sourceTree = "<group>"; };
		CB679F5C2C00F7E600724D0A /* KeyChain.swift */ = {isa = PBXFileReference; lastKnownFileType = sourcecode.swift; path = KeyChain.swift; sourceTree = "<group>"; };
		CB679F5E2C00FA1100724D0A /* AuthenticationViewModel.swift */ = {isa = PBXFileReference; lastKnownFileType = sourcecode.swift; path = AuthenticationViewModel.swift; sourceTree = "<group>"; };
		CB679F692C00FB9500724D0A /* KakaoResponse.swift */ = {isa = PBXFileReference; lastKnownFileType = sourcecode.swift; path = KakaoResponse.swift; sourceTree = "<group>"; };
		CB679F6C2C00FC5800724D0A /* AuthenticationProtocol.swift */ = {isa = PBXFileReference; lastKnownFileType = sourcecode.swift; path = AuthenticationProtocol.swift; sourceTree = "<group>"; };
		CB679F6E2C00FF1700724D0A /* Constant.swift */ = {isa = PBXFileReference; lastKnownFileType = sourcecode.swift; path = Constant.swift; sourceTree = "<group>"; };
		CB7E6F0E2C024651003433BD /* AuthenticationError.swift */ = {isa = PBXFileReference; lastKnownFileType = sourcecode.swift; path = AuthenticationError.swift; sourceTree = "<group>"; };
		CB7E6F102C0250E6003433BD /* MenuView.swift */ = {isa = PBXFileReference; lastKnownFileType = sourcecode.swift; path = MenuView.swift; sourceTree = "<group>"; };
		CB7E6F132C025FF9003433BD /* CategoryEnum.swift */ = {isa = PBXFileReference; lastKnownFileType = sourcecode.swift; path = CategoryEnum.swift; sourceTree = "<group>"; };
		CB7E6F192C036AB8003433BD /* ShoppingViewModel.swift */ = {isa = PBXFileReference; lastKnownFileType = sourcecode.swift; path = ShoppingViewModel.swift; sourceTree = "<group>"; };
		CB7E6F1B2C036B0F003433BD /* SortOptionEnum.swift */ = {isa = PBXFileReference; lastKnownFileType = sourcecode.swift; path = SortOptionEnum.swift; sourceTree = "<group>"; };
		CB7E6F1D2C036FCC003433BD /* ProductResponse.swift */ = {isa = PBXFileReference; lastKnownFileType = sourcecode.swift; path = ProductResponse.swift; sourceTree = "<group>"; };
		CB7E6F202C0370AF003433BD /* Category.swift */ = {isa = PBXFileReference; lastKnownFileType = sourcecode.swift; path = Category.swift; sourceTree = "<group>"; };
		CB7E6F222C037193003433BD /* Product.swift */ = {isa = PBXFileReference; lastKnownFileType = sourcecode.swift; path = Product.swift; sourceTree = "<group>"; };
		CB7E6F242C03727C003433BD /* ShoppingtProtocol.swift */ = {isa = PBXFileReference; lastKnownFileType = sourcecode.swift; path = ShoppingtProtocol.swift; sourceTree = "<group>"; };
		CB7E6F282C0382CF003433BD /* ItemCellView.swift */ = {isa = PBXFileReference; lastKnownFileType = sourcecode.swift; path = ItemCellView.swift; sourceTree = "<group>"; };
		CB7E6F2A2C038798003433BD /* Coordinator.swift */ = {isa = PBXFileReference; lastKnownFileType = sourcecode.swift; path = Coordinator.swift; sourceTree = "<group>"; };
		CB7E6F2E2C03A74A003433BD /* SearchView.swift */ = {isa = PBXFileReference; lastKnownFileType = sourcecode.swift; path = SearchView.swift; sourceTree = "<group>"; };
		CBC6B0DC2C1C564500D36671 /* Secrests.xcconfig */ = {isa = PBXFileReference; lastKnownFileType = text.xcconfig; path = Secrests.xcconfig; sourceTree = "<group>"; };
		CBC6B0DE2C1DCBF900D36671 /* SearchResultView.swift */ = {isa = PBXFileReference; lastKnownFileType = sourcecode.swift; path = SearchResultView.swift; sourceTree = "<group>"; };
		CBC6B0E42C20864300D36671 /* ShopDetailView.swift */ = {isa = PBXFileReference; lastKnownFileType = sourcecode.swift; path = ShopDetailView.swift; sourceTree = "<group>"; };
		CBC6B0E62C208B4B00D36671 /* DetailProduct.swift */ = {isa = PBXFileReference; lastKnownFileType = sourcecode.swift; path = DetailProduct.swift; sourceTree = "<group>"; };
		CBC6B0E82C208B7700D36671 /* Review.swift */ = {isa = PBXFileReference; lastKnownFileType = sourcecode.swift; path = Review.swift; sourceTree = "<group>"; };
		CBC6B0EC2C214EEC00D36671 /* RoundRectangleButton.swift */ = {isa = PBXFileReference; lastKnownFileType = sourcecode.swift; path = RoundRectangleButton.swift; sourceTree = "<group>"; };
		CBF0CC462C22C10500970EC9 /* ReviewCell.swift */ = {isa = PBXFileReference; lastKnownFileType = sourcecode.swift; path = ReviewCell.swift; sourceTree = "<group>"; };
		CBF0CC4A2C22E5B800970EC9 /* ReviewViewModel.swift */ = {isa = PBXFileReference; lastKnownFileType = sourcecode.swift; path = ReviewViewModel.swift; sourceTree = "<group>"; };
		CBF0CC4D2C22E5D700970EC9 /* ReviewProtocol.swift */ = {isa = PBXFileReference; lastKnownFileType = sourcecode.swift; path = ReviewProtocol.swift; sourceTree = "<group>"; };
		CBF0CC4F2C25539400970EC9 /* StarRatingView.swift */ = {isa = PBXFileReference; lastKnownFileType = sourcecode.swift; path = StarRatingView.swift; sourceTree = "<group>"; };
		CBF0CC512C255F1400970EC9 /* ReviewSortOptionsEnum.swift */ = {isa = PBXFileReference; lastKnownFileType = sourcecode.swift; path = ReviewSortOptionsEnum.swift; sourceTree = "<group>"; };
		CBF0CC552C25659C00970EC9 /* ReviewRequest.swift */ = {isa = PBXFileReference; lastKnownFileType = sourcecode.swift; path = ReviewRequest.swift; sourceTree = "<group>"; };
		CBF0CC572C25660400970EC9 /* ReviewResponse.swift */ = {isa = PBXFileReference; lastKnownFileType = sourcecode.swift; path = ReviewResponse.swift; sourceTree = "<group>"; };
		CBF0CC592C25679400970EC9 /* MyDateFormatter.swift */ = {isa = PBXFileReference; lastKnownFileType = sourcecode.swift; path = MyDateFormatter.swift; sourceTree = "<group>"; };
/* End PBXFileReference section */

/* Begin PBXFrameworksBuildPhase section */
		CB679F182C00D09700724D0A /* Frameworks */ = {
			isa = PBXFrameworksBuildPhase;
			buildActionMask = 2147483647;
			files = (
				CB679F422C00E13800724D0A /* KakaoSDKCommon in Frameworks */,
				CB679F402C00E13800724D0A /* KakaoSDKAuth in Frameworks */,
				CB679F442C00E13800724D0A /* KakaoSDKUser in Frameworks */,
			);
			runOnlyForDeploymentPostprocessing = 0;
		};
/* End PBXFrameworksBuildPhase section */

/* Begin PBXGroup section */
		CB1FA57C2C33EBBF0056407F /* ViewModel */ = {
			isa = PBXGroup;
			children = (
				CB1FA57D2C33EBD00056407F /* CartViewModel.swift */,
			);
			path = ViewModel;
			sourceTree = "<group>";
		};
		CB1FA57F2C33EBF40056407F /* DataManager */ = {
			isa = PBXGroup;
			children = (
				CB1FA5802C33EC070056407F /* CartProtocol.swift */,
			);
			path = DataManager;
			sourceTree = "<group>";
		};
		CB1FA5842C3561320056407F /* Entity */ = {
			isa = PBXGroup;
			children = (
				CB1FA5852C35613B0056407F /* CartResponse.swift */,
			);
			path = Entity;
			sourceTree = "<group>";
		};
		CB679F122C00D09700724D0A = {
			isa = PBXGroup;
			children = (
				CB679F1D2C00D09700724D0A /* M2DM */,
				CB679F1C2C00D09700724D0A /* Products */,
			);
			sourceTree = "<group>";
		};
		CB679F1C2C00D09700724D0A /* Products */ = {
			isa = PBXGroup;
			children = (
				CB679F1B2C00D09700724D0A /* M2DM.app */,
			);
			name = Products;
			sourceTree = "<group>";
		};
		CB679F1D2C00D09700724D0A /* M2DM */ = {
			isa = PBXGroup;
			children = (
				CB679F452C00E16900724D0A /* Info.plist */,
				CB679F2C2C00D0C000724D0A /* App */,
				CB679F2F2C00D16000724D0A /* Presentation */,
				CB679F312C00D18300724D0A /* Common */,
				CB679F302C00D17C00724D0A /* Resource */,
			);
			path = M2DM;
			sourceTree = "<group>";
		};
		CB679F2C2C00D0C000724D0A /* App */ = {
			isa = PBXGroup;
			children = (
				CB679F1E2C00D09700724D0A /* M2DMApp.swift */,
			);
			path = App;
			sourceTree = "<group>";
		};
		CB679F2F2C00D16000724D0A /* Presentation */ = {
			isa = PBXGroup;
			children = (
				CB679F3A2C00DB3E00724D0A /* M2DMTabView.swift */,
				CBF0CC432C22BED200970EC9 /* Review */,
				CB679F382C00D21A00724D0A /* CommonUI */,
				CBC6B0DD2C1DCBE500D36671 /* Search */,
				CB679F372C00D1FC00724D0A /* Authentication */,
				CB679F362C00D1F200724D0A /* Cart */,
				CB679F352C00D1E400724D0A /* GroupPurchase */,
				CB679F342C00D1DD00724D0A /* MyPage */,
				CB679F332C00D1CE00724D0A /* SecondHand */,
				CB679F322C00D1A300724D0A /* Shopping */,
			);
			path = Presentation;
			sourceTree = "<group>";
		};
		CB679F302C00D17C00724D0A /* Resource */ = {
			isa = PBXGroup;
			children = (
				CBC6B0DC2C1C564500D36671 /* Secrests.xcconfig */,
				CB031B582C21553A00ED46C2 /* Assets.xcassets */,
			);
			path = Resource;
			sourceTree = "<group>";
		};
		CB679F312C00D18300724D0A /* Common */ = {
			isa = PBXGroup;
			children = (
				CB7E6F1F2C037097003433BD /* Entity */,
				CB7E6F122C025FEC003433BD /* Enum */,
				CB7E6F0D2C024643003433BD /* Error */,
				CB679F592C00F46F00724D0A /* Util */,
				CB679F392C00D22900724D0A /* Extension */,
			);
			path = Common;
			sourceTree = "<group>";
		};
		CB679F322C00D1A300724D0A /* Shopping */ = {
			isa = PBXGroup;
			children = (
				CB7E6F182C036A99003433BD /* DataManager */,
				CB7E6F172C036A86003433BD /* View */,
				CB7E6F162C036A82003433BD /* Entity */,
				CB7E6F152C036A7D003433BD /* ViewModel */,
			);
			path = Shopping;
			sourceTree = "<group>";
		};
		CB679F332C00D1CE00724D0A /* SecondHand */ = {
			isa = PBXGroup;
			children = (
				CB679F552C00EAA000724D0A /* SecondHandView.swift */,
			);
			path = SecondHand;
			sourceTree = "<group>";
		};
		CB679F342C00D1DD00724D0A /* MyPage */ = {
			isa = PBXGroup;
			children = (
				CB679F532C00EA9800724D0A /* MyPageView.swift */,
			);
			path = MyPage;
			sourceTree = "<group>";
		};
		CB679F352C00D1E400724D0A /* GroupPurchase */ = {
			isa = PBXGroup;
			children = (
				CB679F512C00EA9200724D0A /* GroupPurchaseView.swift */,
			);
			path = GroupPurchase;
			sourceTree = "<group>";
		};
		CB679F362C00D1F200724D0A /* Cart */ = {
			isa = PBXGroup;
			children = (
				CB1FA5842C3561320056407F /* Entity */,
				CB1FA57F2C33EBF40056407F /* DataManager */,
				CB1FA57C2C33EBBF0056407F /* ViewModel */,
				CBF3159E2C33EB91004F07BA /* View */,
			);
			path = Cart;
			sourceTree = "<group>";
		};
		CB679F372C00D1FC00724D0A /* Authentication */ = {
			isa = PBXGroup;
			children = (
				CB679F6B2C00FC4600724D0A /* DataManager */,
				CB679F682C00FB7900724D0A /* Entity */,
				CB679F642C00FB4100724D0A /* View */,
				CB679F652C00FB5200724D0A /* ViewModel */,
			);
			path = Authentication;
			sourceTree = "<group>";
		};
		CB679F382C00D21A00724D0A /* CommonUI */ = {
			isa = PBXGroup;
			children = (
				CB679F4D2C00EA8100724D0A /* ShopListView.swift */,
				CB7E6F102C0250E6003433BD /* MenuView.swift */,
				CB7E6F282C0382CF003433BD /* ItemCellView.swift */,
				CBC6B0EC2C214EEC00D36671 /* RoundRectangleButton.swift */,
			);
			path = CommonUI;
			sourceTree = "<group>";
		};
		CB679F392C00D22900724D0A /* Extension */ = {
			isa = PBXGroup;
			children = (
				CB679F4B2C00E94800724D0A /* Bundle+Extension.swift */,
			);
			path = Extension;
			sourceTree = "<group>";
		};
		CB679F592C00F46F00724D0A /* Util */ = {
			isa = PBXGroup;
			children = (
				CB679F5C2C00F7E600724D0A /* KeyChain.swift */,
				CB679F6E2C00FF1700724D0A /* Constant.swift */,
				CB7E6F2A2C038798003433BD /* Coordinator.swift */,
				CBF0CC592C25679400970EC9 /* MyDateFormatter.swift */,
			);
			path = Util;
			sourceTree = "<group>";
		};
		CB679F642C00FB4100724D0A /* View */ = {
			isa = PBXGroup;
			children = (
				CB679F3C2C00DB6E00724D0A /* LoginView.swift */,
			);
			path = View;
			sourceTree = "<group>";
		};
		CB679F652C00FB5200724D0A /* ViewModel */ = {
			isa = PBXGroup;
			children = (
				CB679F5E2C00FA1100724D0A /* AuthenticationViewModel.swift */,
				CB1FA5BB2C3D71580056407F /* TokenReissueViewModel.swift */,
			);
			path = ViewModel;
			sourceTree = "<group>";
		};
		CB679F682C00FB7900724D0A /* Entity */ = {
			isa = PBXGroup;
			children = (
				CB679F692C00FB9500724D0A /* KakaoResponse.swift */,
			);
			path = Entity;
			sourceTree = "<group>";
		};
		CB679F6B2C00FC4600724D0A /* DataManager */ = {
			isa = PBXGroup;
			children = (
				CB679F6C2C00FC5800724D0A /* AuthenticationProtocol.swift */,
				CB1FA5B92C3D70690056407F /* TokenReissueProtocol.swift */,
			);
			path = DataManager;
			sourceTree = "<group>";
		};
		CB7E6F0D2C024643003433BD /* Error */ = {
			isa = PBXGroup;
			children = (
				CB7E6F0E2C024651003433BD /* AuthenticationError.swift */,
			);
			path = Error;
			sourceTree = "<group>";
		};
		CB7E6F122C025FEC003433BD /* Enum */ = {
			isa = PBXGroup;
			children = (
				CB7E6F132C025FF9003433BD /* CategoryEnum.swift */,
				CB7E6F1B2C036B0F003433BD /* SortOptionEnum.swift */,
				CBF0CC512C255F1400970EC9 /* ReviewSortOptionsEnum.swift */,
				CB1FA5CF2C4A48E90056407F /* ShopTypeEnum.swift */,
			);
			path = Enum;
			sourceTree = "<group>";
		};
		CB7E6F152C036A7D003433BD /* ViewModel */ = {
			isa = PBXGroup;
			children = (
				CB7E6F192C036AB8003433BD /* ShoppingViewModel.swift */,
			);
			path = ViewModel;
			sourceTree = "<group>";
		};
		CB7E6F162C036A82003433BD /* Entity */ = {
			isa = PBXGroup;
			children = (
				CB7E6F1D2C036FCC003433BD /* ProductResponse.swift */,
			);
			path = Entity;
			sourceTree = "<group>";
		};
		CB7E6F172C036A86003433BD /* View */ = {
			isa = PBXGroup;
			children = (
				CBC6B0E42C20864300D36671 /* ShopDetailView.swift */,
				CB679F572C00EAA800724D0A /* ShoppingView.swift */,
			);
			path = View;
			sourceTree = "<group>";
		};
		CB7E6F182C036A99003433BD /* DataManager */ = {
			isa = PBXGroup;
			children = (
				CB7E6F242C03727C003433BD /* ShoppingtProtocol.swift */,
			);
			path = DataManager;
			sourceTree = "<group>";
		};
		CB7E6F1F2C037097003433BD /* Entity */ = {
			isa = PBXGroup;
			children = (
				CB7E6F202C0370AF003433BD /* Category.swift */,
				CB7E6F222C037193003433BD /* Product.swift */,
				CBC6B0E62C208B4B00D36671 /* DetailProduct.swift */,
				CBC6B0E82C208B7700D36671 /* Review.swift */,
				CB1FA5872C367B970056407F /* Cart.swift */,
			);
			path = Entity;
			sourceTree = "<group>";
		};
		CBC6B0DD2C1DCBE500D36671 /* Search */ = {
			isa = PBXGroup;
			children = (
				CB7E6F2E2C03A74A003433BD /* SearchView.swift */,
				CBC6B0DE2C1DCBF900D36671 /* SearchResultView.swift */,
			);
			path = Search;
			sourceTree = "<group>";
		};
		CBF0CC432C22BED200970EC9 /* Review */ = {
			isa = PBXGroup;
			children = (
				CBF0CC542C25658800970EC9 /* Entity */,
				CBF0CC4C2C22E5CB00970EC9 /* DataManager */,
				CBF0CC452C22BEF400970EC9 /* View */,
				CBF0CC442C22BEDB00970EC9 /* ViewModel */,
			);
			path = Review;
			sourceTree = "<group>";
		};
		CBF0CC442C22BEDB00970EC9 /* ViewModel */ = {
			isa = PBXGroup;
			children = (
				CBF0CC4A2C22E5B800970EC9 /* ReviewViewModel.swift */,
			);
			path = ViewModel;
			sourceTree = "<group>";
		};
		CBF0CC452C22BEF400970EC9 /* View */ = {
			isa = PBXGroup;
			children = (
				CBF0CC462C22C10500970EC9 /* ReviewCell.swift */,
				CBF0CC4F2C25539400970EC9 /* StarRatingView.swift */,
			);
			path = View;
			sourceTree = "<group>";
		};
		CBF0CC4C2C22E5CB00970EC9 /* DataManager */ = {
			isa = PBXGroup;
			children = (
				CBF0CC4D2C22E5D700970EC9 /* ReviewProtocol.swift */,
			);
			path = DataManager;
			sourceTree = "<group>";
		};
		CBF0CC542C25658800970EC9 /* Entity */ = {
			isa = PBXGroup;
			children = (
				CBF0CC552C25659C00970EC9 /* ReviewRequest.swift */,
				CBF0CC572C25660400970EC9 /* ReviewResponse.swift */,
			);
			path = Entity;
			sourceTree = "<group>";
		};
		CBF3159E2C33EB91004F07BA /* View */ = {
			isa = PBXGroup;
			children = (
				CB679F4F2C00EA8900724D0A /* CartView.swift */,
			);
			path = View;
			sourceTree = "<group>";
		};
/* End PBXGroup section */

/* Begin PBXNativeTarget section */
		CB679F1A2C00D09700724D0A /* M2DM */ = {
			isa = PBXNativeTarget;
			buildConfigurationList = CB679F292C00D09900724D0A /* Build configuration list for PBXNativeTarget "M2DM" */;
			buildPhases = (
				CB679F172C00D09700724D0A /* Sources */,
				CB679F182C00D09700724D0A /* Frameworks */,
				CB679F192C00D09700724D0A /* Resources */,
			);
			buildRules = (
			);
			dependencies = (
			);
			name = M2DM;
			packageProductDependencies = (
				CB679F3F2C00E13800724D0A /* KakaoSDKAuth */,
				CB679F412C00E13800724D0A /* KakaoSDKCommon */,
				CB679F432C00E13800724D0A /* KakaoSDKUser */,
			);
			productName = M2DM;
			productReference = CB679F1B2C00D09700724D0A /* M2DM.app */;
			productType = "com.apple.product-type.application";
		};
/* End PBXNativeTarget section */

/* Begin PBXProject section */
		CB679F132C00D09700724D0A /* Project object */ = {
			isa = PBXProject;
			attributes = {
				BuildIndependentTargetsInParallel = 1;
				LastSwiftUpdateCheck = 1530;
				LastUpgradeCheck = 1530;
				TargetAttributes = {
					CB679F1A2C00D09700724D0A = {
						CreatedOnToolsVersion = 15.3;
					};
				};
			};
			buildConfigurationList = CB679F162C00D09700724D0A /* Build configuration list for PBXProject "M2DM" */;
			compatibilityVersion = "Xcode 14.0";
			developmentRegion = en;
			hasScannedForEncodings = 0;
			knownRegions = (
				en,
				Base,
			);
			mainGroup = CB679F122C00D09700724D0A;
			packageReferences = (
				CB679F3E2C00E13800724D0A /* XCRemoteSwiftPackageReference "kakao-ios-sdk" */,
			);
			productRefGroup = CB679F1C2C00D09700724D0A /* Products */;
			projectDirPath = "";
			projectRoot = "";
			targets = (
				CB679F1A2C00D09700724D0A /* M2DM */,
			);
		};
/* End PBXProject section */

/* Begin PBXResourcesBuildPhase section */
		CB679F192C00D09700724D0A /* Resources */ = {
			isa = PBXResourcesBuildPhase;
			buildActionMask = 2147483647;
			files = (
				CB031B592C21553A00ED46C2 /* Assets.xcassets in Resources */,
			);
			runOnlyForDeploymentPostprocessing = 0;
		};
/* End PBXResourcesBuildPhase section */

/* Begin PBXSourcesBuildPhase section */
		CB679F172C00D09700724D0A /* Sources */ = {
			isa = PBXSourcesBuildPhase;
			buildActionMask = 2147483647;
			files = (
				CB679F5F2C00FA1100724D0A /* AuthenticationViewModel.swift in Sources */,
				CBC6B0DF2C1DCBF900D36671 /* SearchResultView.swift in Sources */,
				CB1FA5862C35613B0056407F /* CartResponse.swift in Sources */,
				CB679F5D2C00F7E600724D0A /* KeyChain.swift in Sources */,
				CB7E6F2B2C038798003433BD /* Coordinator.swift in Sources */,
				CB679F6F2C00FF1700724D0A /* Constant.swift in Sources */,
				CB7E6F252C03727C003433BD /* ShoppingtProtocol.swift in Sources */,
				CB679F582C00EAA800724D0A /* ShoppingView.swift in Sources */,
				CB679F522C00EA9200724D0A /* GroupPurchaseView.swift in Sources */,
				CB679F542C00EA9800724D0A /* MyPageView.swift in Sources */,
				CB7E6F1E2C036FCC003433BD /* ProductResponse.swift in Sources */,
				CB1FA5BC2C3D71580056407F /* TokenReissueViewModel.swift in Sources */,
				CBF0CC522C255F1400970EC9 /* ReviewSortOptionsEnum.swift in Sources */,
				CB1FA5D02C4A48E90056407F /* ShopTypeEnum.swift in Sources */,
				CBF0CC472C22C10500970EC9 /* ReviewCell.swift in Sources */,
				CB679F6A2C00FB9500724D0A /* KakaoResponse.swift in Sources */,
				CB7E6F142C025FF9003433BD /* CategoryEnum.swift in Sources */,
				CB7E6F112C0250E6003433BD /* MenuView.swift in Sources */,
				CBC6B0ED2C214EEC00D36671 /* RoundRectangleButton.swift in Sources */,
				CB7E6F1A2C036AB8003433BD /* ShoppingViewModel.swift in Sources */,
				CB679F502C00EA8900724D0A /* CartView.swift in Sources */,
				CBF0CC502C25539400970EC9 /* StarRatingView.swift in Sources */,
				CB7E6F232C037193003433BD /* Product.swift in Sources */,
				CB679F3D2C00DB6E00724D0A /* LoginView.swift in Sources */,
				CB679F3B2C00DB3E00724D0A /* M2DMTabView.swift in Sources */,
				CB7E6F292C0382CF003433BD /* ItemCellView.swift in Sources */,
				CB679F1F2C00D09700724D0A /* M2DMApp.swift in Sources */,
				CBF0CC5A2C25679400970EC9 /* MyDateFormatter.swift in Sources */,
				CBF0CC4B2C22E5B800970EC9 /* ReviewViewModel.swift in Sources */,
				CB7E6F2F2C03A74A003433BD /* SearchView.swift in Sources */,
				CB1FA5812C33EC070056407F /* CartProtocol.swift in Sources */,
				CB1FA5BA2C3D70690056407F /* TokenReissueProtocol.swift in Sources */,
				CB679F4E2C00EA8100724D0A /* ShopListView.swift in Sources */,
				CBF0CC4E2C22E5D700970EC9 /* ReviewProtocol.swift in Sources */,
				CB1FA57E2C33EBD00056407F /* CartViewModel.swift in Sources */,
				CB679F562C00EAA000724D0A /* SecondHandView.swift in Sources */,
				CB7E6F1C2C036B0F003433BD /* SortOptionEnum.swift in Sources */,
				CB679F4C2C00E94800724D0A /* Bundle+Extension.swift in Sources */,
				CBC6B0E92C208B7700D36671 /* Review.swift in Sources */,
				CB1FA5882C367B970056407F /* Cart.swift in Sources */,
				CB7E6F0F2C024651003433BD /* AuthenticationError.swift in Sources */,
				CBF0CC562C25659C00970EC9 /* ReviewRequest.swift in Sources */,
				CB679F6D2C00FC5800724D0A /* AuthenticationProtocol.swift in Sources */,
				CBC6B0E52C20864300D36671 /* ShopDetailView.swift in Sources */,
				CBF0CC582C25660400970EC9 /* ReviewResponse.swift in Sources */,
				CBC6B0E72C208B4B00D36671 /* DetailProduct.swift in Sources */,
				CB7E6F212C0370AF003433BD /* Category.swift in Sources */,
			);
			runOnlyForDeploymentPostprocessing = 0;
		};
/* End PBXSourcesBuildPhase section */

/* Begin XCBuildConfiguration section */
		CB679F272C00D09900724D0A /* Debug */ = {
			isa = XCBuildConfiguration;
			baseConfigurationReference = CBC6B0DC2C1C564500D36671 /* Secrests.xcconfig */;
			buildSettings = {
				ALWAYS_SEARCH_USER_PATHS = NO;
				ASSETCATALOG_COMPILER_GENERATE_SWIFT_ASSET_SYMBOL_EXTENSIONS = YES;
				CLANG_ANALYZER_NONNULL = YES;
				CLANG_ANALYZER_NUMBER_OBJECT_CONVERSION = YES_AGGRESSIVE;
				CLANG_CXX_LANGUAGE_STANDARD = "gnu++20";
				CLANG_ENABLE_MODULES = YES;
				CLANG_ENABLE_OBJC_ARC = YES;
				CLANG_ENABLE_OBJC_WEAK = YES;
				CLANG_WARN_BLOCK_CAPTURE_AUTORELEASING = YES;
				CLANG_WARN_BOOL_CONVERSION = YES;
				CLANG_WARN_COMMA = YES;
				CLANG_WARN_CONSTANT_CONVERSION = YES;
				CLANG_WARN_DEPRECATED_OBJC_IMPLEMENTATIONS = YES;
				CLANG_WARN_DIRECT_OBJC_ISA_USAGE = YES_ERROR;
				CLANG_WARN_DOCUMENTATION_COMMENTS = YES;
				CLANG_WARN_EMPTY_BODY = YES;
				CLANG_WARN_ENUM_CONVERSION = YES;
				CLANG_WARN_INFINITE_RECURSION = YES;
				CLANG_WARN_INT_CONVERSION = YES;
				CLANG_WARN_NON_LITERAL_NULL_CONVERSION = YES;
				CLANG_WARN_OBJC_IMPLICIT_RETAIN_SELF = YES;
				CLANG_WARN_OBJC_LITERAL_CONVERSION = YES;
				CLANG_WARN_OBJC_ROOT_CLASS = YES_ERROR;
				CLANG_WARN_QUOTED_INCLUDE_IN_FRAMEWORK_HEADER = YES;
				CLANG_WARN_RANGE_LOOP_ANALYSIS = YES;
				CLANG_WARN_STRICT_PROTOTYPES = YES;
				CLANG_WARN_SUSPICIOUS_MOVE = YES;
				CLANG_WARN_UNGUARDED_AVAILABILITY = YES_AGGRESSIVE;
				CLANG_WARN_UNREACHABLE_CODE = YES;
				CLANG_WARN__DUPLICATE_METHOD_MATCH = YES;
				COPY_PHASE_STRIP = NO;
				DEBUG_INFORMATION_FORMAT = dwarf;
				ENABLE_STRICT_OBJC_MSGSEND = YES;
				ENABLE_TESTABILITY = YES;
				ENABLE_USER_SCRIPT_SANDBOXING = YES;
				GCC_C_LANGUAGE_STANDARD = gnu17;
				GCC_DYNAMIC_NO_PIC = NO;
				GCC_NO_COMMON_BLOCKS = YES;
				GCC_OPTIMIZATION_LEVEL = 0;
				GCC_PREPROCESSOR_DEFINITIONS = (
					"DEBUG=1",
					"$(inherited)",
				);
				GCC_WARN_64_TO_32_BIT_CONVERSION = YES;
				GCC_WARN_ABOUT_RETURN_TYPE = YES_ERROR;
				GCC_WARN_UNDECLARED_SELECTOR = YES;
				GCC_WARN_UNINITIALIZED_AUTOS = YES_AGGRESSIVE;
				GCC_WARN_UNUSED_FUNCTION = YES;
				GCC_WARN_UNUSED_VARIABLE = YES;
				IPHONEOS_DEPLOYMENT_TARGET = 17.0;
				LOCALIZATION_PREFERS_STRING_CATALOGS = YES;
				MTL_ENABLE_DEBUG_INFO = INCLUDE_SOURCE;
				MTL_FAST_MATH = YES;
				ONLY_ACTIVE_ARCH = YES;
				SDKROOT = iphoneos;
				SWIFT_ACTIVE_COMPILATION_CONDITIONS = "DEBUG $(inherited)";
				SWIFT_OPTIMIZATION_LEVEL = "-Onone";
			};
			name = Debug;
		};
		CB679F282C00D09900724D0A /* Release */ = {
			isa = XCBuildConfiguration;
			buildSettings = {
				ALWAYS_SEARCH_USER_PATHS = NO;
				ASSETCATALOG_COMPILER_GENERATE_SWIFT_ASSET_SYMBOL_EXTENSIONS = YES;
				CLANG_ANALYZER_NONNULL = YES;
				CLANG_ANALYZER_NUMBER_OBJECT_CONVERSION = YES_AGGRESSIVE;
				CLANG_CXX_LANGUAGE_STANDARD = "gnu++20";
				CLANG_ENABLE_MODULES = YES;
				CLANG_ENABLE_OBJC_ARC = YES;
				CLANG_ENABLE_OBJC_WEAK = YES;
				CLANG_WARN_BLOCK_CAPTURE_AUTORELEASING = YES;
				CLANG_WARN_BOOL_CONVERSION = YES;
				CLANG_WARN_COMMA = YES;
				CLANG_WARN_CONSTANT_CONVERSION = YES;
				CLANG_WARN_DEPRECATED_OBJC_IMPLEMENTATIONS = YES;
				CLANG_WARN_DIRECT_OBJC_ISA_USAGE = YES_ERROR;
				CLANG_WARN_DOCUMENTATION_COMMENTS = YES;
				CLANG_WARN_EMPTY_BODY = YES;
				CLANG_WARN_ENUM_CONVERSION = YES;
				CLANG_WARN_INFINITE_RECURSION = YES;
				CLANG_WARN_INT_CONVERSION = YES;
				CLANG_WARN_NON_LITERAL_NULL_CONVERSION = YES;
				CLANG_WARN_OBJC_IMPLICIT_RETAIN_SELF = YES;
				CLANG_WARN_OBJC_LITERAL_CONVERSION = YES;
				CLANG_WARN_OBJC_ROOT_CLASS = YES_ERROR;
				CLANG_WARN_QUOTED_INCLUDE_IN_FRAMEWORK_HEADER = YES;
				CLANG_WARN_RANGE_LOOP_ANALYSIS = YES;
				CLANG_WARN_STRICT_PROTOTYPES = YES;
				CLANG_WARN_SUSPICIOUS_MOVE = YES;
				CLANG_WARN_UNGUARDED_AVAILABILITY = YES_AGGRESSIVE;
				CLANG_WARN_UNREACHABLE_CODE = YES;
				CLANG_WARN__DUPLICATE_METHOD_MATCH = YES;
				COPY_PHASE_STRIP = NO;
				DEBUG_INFORMATION_FORMAT = "dwarf-with-dsym";
				ENABLE_NS_ASSERTIONS = NO;
				ENABLE_STRICT_OBJC_MSGSEND = YES;
				ENABLE_USER_SCRIPT_SANDBOXING = YES;
				GCC_C_LANGUAGE_STANDARD = gnu17;
				GCC_NO_COMMON_BLOCKS = YES;
				GCC_WARN_64_TO_32_BIT_CONVERSION = YES;
				GCC_WARN_ABOUT_RETURN_TYPE = YES_ERROR;
				GCC_WARN_UNDECLARED_SELECTOR = YES;
				GCC_WARN_UNINITIALIZED_AUTOS = YES_AGGRESSIVE;
				GCC_WARN_UNUSED_FUNCTION = YES;
				GCC_WARN_UNUSED_VARIABLE = YES;
				IPHONEOS_DEPLOYMENT_TARGET = 17.0;
				LOCALIZATION_PREFERS_STRING_CATALOGS = YES;
				MTL_ENABLE_DEBUG_INFO = NO;
				MTL_FAST_MATH = YES;
				SDKROOT = iphoneos;
				SWIFT_COMPILATION_MODE = wholemodule;
				VALIDATE_PRODUCT = YES;
			};
			name = Release;
		};
		CB679F2A2C00D09900724D0A /* Debug */ = {
			isa = XCBuildConfiguration;
			baseConfigurationReference = CBC6B0DC2C1C564500D36671 /* Secrests.xcconfig */;
			buildSettings = {
				ASSETCATALOG_COMPILER_APPICON_NAME = AppIcon;
				ASSETCATALOG_COMPILER_GLOBAL_ACCENT_COLOR_NAME = AccentColor;
				CODE_SIGN_STYLE = Automatic;
				CURRENT_PROJECT_VERSION = 1;
				DEVELOPMENT_ASSET_PATHS = "";
				DEVELOPMENT_TEAM = L9J3VF6GK2;
				ENABLE_PREVIEWS = YES;
				GENERATE_INFOPLIST_FILE = YES;
				INFOPLIST_FILE = M2DM/Info.plist;
				INFOPLIST_KEY_UIApplicationSceneManifest_Generation = YES;
				INFOPLIST_KEY_UIApplicationSupportsIndirectInputEvents = YES;
				INFOPLIST_KEY_UILaunchScreen_Generation = YES;
				INFOPLIST_KEY_UISupportedInterfaceOrientations = UIInterfaceOrientationPortrait;
				INFOPLIST_KEY_UISupportedInterfaceOrientations_iPad = "UIInterfaceOrientationLandscapeLeft UIInterfaceOrientationLandscapeRight UIInterfaceOrientationPortrait UIInterfaceOrientationPortraitUpsideDown";
				IPHONEOS_DEPLOYMENT_TARGET = 17.0;
				LD_RUNPATH_SEARCH_PATHS = (
					"$(inherited)",
					"@executable_path/Frameworks",
				);
				MARKETING_VERSION = 1.0;
				PRODUCT_BUNDLE_IDENTIFIER = com.ddwu.M2DM;
				PRODUCT_NAME = "$(TARGET_NAME)";
				SUPPORTED_PLATFORMS = "iphoneos iphonesimulator";
				SUPPORTS_MACCATALYST = NO;
				SUPPORTS_MAC_DESIGNED_FOR_IPHONE_IPAD = NO;
				SUPPORTS_XR_DESIGNED_FOR_IPHONE_IPAD = NO;
				SWIFT_EMIT_LOC_STRINGS = YES;
				SWIFT_VERSION = 5.0;
				TARGETED_DEVICE_FAMILY = 1;
			};
			name = Debug;
		};
		CB679F2B2C00D09900724D0A /* Release */ = {
			isa = XCBuildConfiguration;
			buildSettings = {
				ASSETCATALOG_COMPILER_APPICON_NAME = AppIcon;
				ASSETCATALOG_COMPILER_GLOBAL_ACCENT_COLOR_NAME = AccentColor;
				CODE_SIGN_STYLE = Automatic;
				CURRENT_PROJECT_VERSION = 1;
				DEVELOPMENT_ASSET_PATHS = "";
				DEVELOPMENT_TEAM = L9J3VF6GK2;
				ENABLE_PREVIEWS = YES;
				GENERATE_INFOPLIST_FILE = YES;
				INFOPLIST_FILE = M2DM/Info.plist;
				INFOPLIST_KEY_UIApplicationSceneManifest_Generation = YES;
				INFOPLIST_KEY_UIApplicationSupportsIndirectInputEvents = YES;
				INFOPLIST_KEY_UILaunchScreen_Generation = YES;
				INFOPLIST_KEY_UISupportedInterfaceOrientations = UIInterfaceOrientationPortrait;
				INFOPLIST_KEY_UISupportedInterfaceOrientations_iPad = "UIInterfaceOrientationLandscapeLeft UIInterfaceOrientationLandscapeRight UIInterfaceOrientationPortrait UIInterfaceOrientationPortraitUpsideDown";
				IPHONEOS_DEPLOYMENT_TARGET = 17.0;
				LD_RUNPATH_SEARCH_PATHS = (
					"$(inherited)",
					"@executable_path/Frameworks",
				);
				MARKETING_VERSION = 1.0;
				PRODUCT_BUNDLE_IDENTIFIER = com.ddwu.M2DM;
				PRODUCT_NAME = "$(TARGET_NAME)";
				SUPPORTED_PLATFORMS = "iphoneos iphonesimulator";
				SUPPORTS_MACCATALYST = NO;
				SUPPORTS_MAC_DESIGNED_FOR_IPHONE_IPAD = NO;
				SUPPORTS_XR_DESIGNED_FOR_IPHONE_IPAD = NO;
				SWIFT_EMIT_LOC_STRINGS = YES;
				SWIFT_VERSION = 5.0;
				TARGETED_DEVICE_FAMILY = 1;
			};
			name = Release;
		};
/* End XCBuildConfiguration section */

/* Begin XCConfigurationList section */
		CB679F162C00D09700724D0A /* Build configuration list for PBXProject "M2DM" */ = {
			isa = XCConfigurationList;
			buildConfigurations = (
				CB679F272C00D09900724D0A /* Debug */,
				CB679F282C00D09900724D0A /* Release */,
			);
			defaultConfigurationIsVisible = 0;
			defaultConfigurationName = Release;
		};
		CB679F292C00D09900724D0A /* Build configuration list for PBXNativeTarget "M2DM" */ = {
			isa = XCConfigurationList;
			buildConfigurations = (
				CB679F2A2C00D09900724D0A /* Debug */,
				CB679F2B2C00D09900724D0A /* Release */,
			);
			defaultConfigurationIsVisible = 0;
			defaultConfigurationName = Release;
		};
/* End XCConfigurationList section */

/* Begin XCRemoteSwiftPackageReference section */
		CB679F3E2C00E13800724D0A /* XCRemoteSwiftPackageReference "kakao-ios-sdk" */ = {
			isa = XCRemoteSwiftPackageReference;
			repositoryURL = "https://github.com/kakao/kakao-ios-sdk";
			requirement = {
				kind = upToNextMajorVersion;
				minimumVersion = 2.22.2;
			};
		};
/* End XCRemoteSwiftPackageReference section */

/* Begin XCSwiftPackageProductDependency section */
		CB679F3F2C00E13800724D0A /* KakaoSDKAuth */ = {
			isa = XCSwiftPackageProductDependency;
			package = CB679F3E2C00E13800724D0A /* XCRemoteSwiftPackageReference "kakao-ios-sdk" */;
			productName = KakaoSDKAuth;
		};
		CB679F412C00E13800724D0A /* KakaoSDKCommon */ = {
			isa = XCSwiftPackageProductDependency;
			package = CB679F3E2C00E13800724D0A /* XCRemoteSwiftPackageReference "kakao-ios-sdk" */;
			productName = KakaoSDKCommon;
		};
		CB679F432C00E13800724D0A /* KakaoSDKUser */ = {
			isa = XCSwiftPackageProductDependency;
			package = CB679F3E2C00E13800724D0A /* XCRemoteSwiftPackageReference "kakao-ios-sdk" */;
			productName = KakaoSDKUser;
		};
/* End XCSwiftPackageProductDependency section */
	};
	rootObject = CB679F132C00D09700724D0A /* Project object */;
}
